
Microsoft Visual Studio Solution File, Format Version 12.00
# Visual Studio 15
Project("{FAE04EC0-301F-11D3-BF4B-00C04F79EFBC}") = "OffloadWebApi", "OffloadWebApi\OffloadWebApi.csproj", "{9B2F0E2B-E0AA-4991-9D72-76D99DF14670}"
EndProject
Project("{FAE04EC0-301F-11D3-BF4B-00C04F79EFBC}") = "OffloadWebApi.Test", "OffloadWebApi.Test\OffloadWebApi.Test.csproj", "{F5B9AC8F-C42E-4199-9EAB-924D6DB068B1}"
EndProject
Project("{FAE04EC0-301F-11D3-BF4B-00C04F79EFBC}") = "FangsdataFrontEnd", "FangsdataFrontEnd\FangsdataFrontEnd.csproj", "{1FCBBB2A-BB5A-4A5C-A1D6-1FB9B249B481}"
EndProject
Global
	GlobalSection(SolutionConfigurationPlatforms) = preSolution
		Debug|Any CPU = Debug|Any CPU
		Release|Any CPU = Release|Any CPU
	EndGlobalSection
	GlobalSection(ProjectConfigurationPlatforms) = postSolution
		{9B2F0E2B-E0AA-4991-9D72-76D99DF14670}.Debug|Any CPU.ActiveCfg = Debug|Any CPU
		{9B2F0E2B-E0AA-4991-9D72-76D99DF14670}.Debug|Any CPU.Build.0 = Debug|Any CPU
		{9B2F0E2B-E0AA-4991-9D72-76D99DF14670}.Release|Any CPU.ActiveCfg = Release|Any CPU
		{9B2F0E2B-E0AA-4991-9D72-76D99DF14670}.Release|Any CPU.Build.0 = Release|Any CPU
		{F5B9AC8F-C42E-4199-9EAB-924D6DB068B1}.Debug|Any CPU.ActiveCfg = Debug|Any CPU
		{F5B9AC8F-C42E-4199-9EAB-924D6DB068B1}.Debug|Any CPU.Build.0 = Debug|Any CPU
		{F5B9AC8F-C42E-4199-9EAB-924D6DB068B1}.Release|Any CPU.ActiveCfg = Release|Any CPU
		{F5B9AC8F-C42E-4199-9EAB-924D6DB068B1}.Release|Any CPU.Build.0 = Release|Any CPU
		{1FCBBB2A-BB5A-4A5C-A1D6-1FB9B249B481}.Debug|Any CPU.ActiveCfg = Debug|Any CPU
		{1FCBBB2A-BB5A-4A5C-A1D6-1FB9B249B481}.Debug|Any CPU.Build.0 = Debug|Any CPU
		{1FCBBB2A-BB5A-4A5C-A1D6-1FB9B249B481}.Release|Any CPU.ActiveCfg = Release|Any CPU
		{1FCBBB2A-BB5A-4A5C-A1D6-1FB9B249B481}.Release|Any CPU.Build.0 = Release|Any CPU
	EndGlobalSection
EndGlobal
